
Microsoft Visual Studio Solution File, Format Version 12.00
# Visual Studio Version 17
VisualStudioVersion = 17.4.33122.133
MinimumVisualStudioVersion = 10.0.40219.1
Project("{FAE04EC0-301F-11D3-BF4B-00C04F79EFBC}") = "Task_2", "Task_2.csproj", "{5556FD38-15D8-44FC-A8A3-BF973EC03892}"
EndProject
Global
	GlobalSection(SolutionConfigurationPlatforms) = preSolution
		Debug|Any CPU = Debug|Any CPU
		Release|Any CPU = Release|Any CPU
	EndGlobalSection
	GlobalSection(ProjectConfigurationPlatforms) = postSolution
		{5556FD38-15D8-44FC-A8A3-BF973EC03892}.Debug|Any CPU.ActiveCfg = Debug|Any CPU
		{5556FD38-15D8-44FC-A8A3-BF973EC03892}.Debug|Any CPU.Build.0 = Debug|Any CPU
		{5556FD38-15D8-44FC-A8A3-BF973EC03892}.Release|Any CPU.ActiveCfg = Release|Any CPU
		{5556FD38-15D8-44FC-A8A3-BF973EC03892}.Release|Any CPU.Build.0 = Release|Any CPU
	EndGlobalSection
	GlobalSection(SolutionProperties) = preSolution
		HideSolutionNode = FALSE
	EndGlobalSection
	GlobalSection(ExtensibilityGlobals) = postSolution
		SolutionGuid = {C1ACBE54-80A9-452C-BEE1-AD80D0CEA2B6}
	EndGlobalSection
EndGlobal
